{
  "requires": true,
  "lockfileVersion": 1,
  "dependencies": {
    "base64-url": {
      "version": "2.3.2",
      "resolved": "https://registry.npmjs.org/base64-url/-/base64-url-2.3.2.tgz",
      "integrity": "sha512-2QpXjtjndKqPn9JKBpMTCbDGpgicfLUu+N5Y1vEfbuyqb1MN1D68C9YKCth4SjTHRvJleF3tPuxhLbH79MM0iQ=="
    }
  }
}
